
Microsoft Visual Studio Solution File, Format Version 12.00
# Visual Studio Version 16
VisualStudioVersion = 16.0.31911.196
MinimumVisualStudioVersion = 10.0.40219.1
Project("{FAE04EC0-301F-11D3-BF4B-00C04F79EFBC}") = "MathOper2", "MathOper2\MathOper2.csproj", "{13F7D4FD-5632-4145-AD9C-CC704A8ABDEF}"
EndProject
Global
	GlobalSection(SolutionConfigurationPlatforms) = preSolution
		Debug|Any CPU = Debug|Any CPU
		Release|Any CPU = Release|Any CPU
	EndGlobalSection
	GlobalSection(ProjectConfigurationPlatforms) = postSolution
		{13F7D4FD-5632-4145-AD9C-CC704A8ABDEF}.Debug|Any CPU.ActiveCfg = Debug|Any CPU
		{13F7D4FD-5632-4145-AD9C-CC704A8ABDEF}.Debug|Any CPU.Build.0 = Debug|Any CPU
		{13F7D4FD-5632-4145-AD9C-CC704A8ABDEF}.Release|Any CPU.ActiveCfg = Release|Any CPU
		{13F7D4FD-5632-4145-AD9C-CC704A8ABDEF}.Release|Any CPU.Build.0 = Release|Any CPU
	EndGlobalSection
	GlobalSection(SolutionProperties) = preSolution
		HideSolutionNode = FALSE
	EndGlobalSection
	GlobalSection(ExtensibilityGlobals) = postSolution
		SolutionGuid = {2168447E-261B-4790-9DC3-393F9ACE9AB1}
	EndGlobalSection
EndGlobal
