
Microsoft Visual Studio Solution File, Format Version 12.00
# Visual Studio Version 16
VisualStudioVersion = 16.0.31911.196
MinimumVisualStudioVersion = 10.0.40219.1
Project("{FAE04EC0-301F-11D3-BF4B-00C04F79EFBC}") = "lambdaSubmission", "lambdaSubmission\lambdaSubmission.csproj", "{95F65369-EACC-48DF-A25F-7D411ABD7717}"
EndProject
Global
	GlobalSection(SolutionConfigurationPlatforms) = preSolution
		Debug|Any CPU = Debug|Any CPU
		Release|Any CPU = Release|Any CPU
	EndGlobalSection
	GlobalSection(ProjectConfigurationPlatforms) = postSolution
		{95F65369-EACC-48DF-A25F-7D411ABD7717}.Debug|Any CPU.ActiveCfg = Debug|Any CPU
		{95F65369-EACC-48DF-A25F-7D411ABD7717}.Debug|Any CPU.Build.0 = Debug|Any CPU
		{95F65369-EACC-48DF-A25F-7D411ABD7717}.Release|Any CPU.ActiveCfg = Release|Any CPU
		{95F65369-EACC-48DF-A25F-7D411ABD7717}.Release|Any CPU.Build.0 = Release|Any CPU
	EndGlobalSection
	GlobalSection(SolutionProperties) = preSolution
		HideSolutionNode = FALSE
	EndGlobalSection
	GlobalSection(ExtensibilityGlobals) = postSolution
		SolutionGuid = {CAF81311-9D75-4D89-A363-260A291032CD}
	EndGlobalSection
EndGlobal
