
Microsoft Visual Studio Solution File, Format Version 12.00
# Visual Studio Version 16
VisualStudioVersion = 16.0.31911.196
MinimumVisualStudioVersion = 10.0.40219.1
Project("{FAE04EC0-301F-11D3-BF4B-00C04F79EFBC}") = "GeoMath", "GeoMath\GeoMath.csproj", "{6C9BC178-1069-4152-83D6-CFCF44FCD7BC}"
EndProject
Global
	GlobalSection(SolutionConfigurationPlatforms) = preSolution
		Debug|Any CPU = Debug|Any CPU
		Release|Any CPU = Release|Any CPU
	EndGlobalSection
	GlobalSection(ProjectConfigurationPlatforms) = postSolution
		{6C9BC178-1069-4152-83D6-CFCF44FCD7BC}.Debug|Any CPU.ActiveCfg = Debug|Any CPU
		{6C9BC178-1069-4152-83D6-CFCF44FCD7BC}.Debug|Any CPU.Build.0 = Debug|Any CPU
		{6C9BC178-1069-4152-83D6-CFCF44FCD7BC}.Release|Any CPU.ActiveCfg = Release|Any CPU
		{6C9BC178-1069-4152-83D6-CFCF44FCD7BC}.Release|Any CPU.Build.0 = Release|Any CPU
	EndGlobalSection
	GlobalSection(SolutionProperties) = preSolution
		HideSolutionNode = FALSE
	EndGlobalSection
	GlobalSection(ExtensibilityGlobals) = postSolution
		SolutionGuid = {32DBC952-586F-4C2F-BF3F-A7BF5185D5B5}
	EndGlobalSection
EndGlobal
